// !$*UTF8*$!
{
	archiveVersion = 1;
	classes = {
	};
	objectVersion = 56;
	objects = {

/* Begin PBXBuildFile section */
		ADD5B4B92D6013F1000587E3 /* FinalSetGameApp.swift in Sources */ = {isa = PBXBuildFile; fileRef = ADD5B4B82D6013F1000587E3 /* FinalSetGameApp.swift */; };
		ADD5B4BB2D6013F1000587E3 /* ContentView.swift in Sources */ = {isa = PBXBuildFile; fileRef = ADD5B4BA2D6013F1000587E3 /* ContentView.swift */; };
		ADD5B4BD2D6013F3000587E3 /* Assets.xcassets in Resources */ = {isa = PBXBuildFile; fileRef = ADD5B4BC2D6013F3000587E3 /* Assets.xcassets */; };
		ADD5B4C02D6013F3000587E3 /* Preview Assets.xcassets in Resources */ = {isa = PBXBuildFile; fileRef = ADD5B4BF2D6013F3000587E3 /* Preview Assets.xcassets */; };
		ADD5B4C72D60140B000587E3 /* GameSettings.swift in Sources */ = {isa = PBXBuildFile; fileRef = ADD5B4C62D60140B000587E3 /* GameSettings.swift */; };
		ADD5B4C92D601461000587E3 /* SetCardGame.swift in Sources */ = {isa = PBXBuildFile; fileRef = ADD5B4C82D601461000587E3 /* SetCardGame.swift */; };
		ADD5B4CD2D63FFC4000587E3 /* AspectVGrid.swift in Sources */ = {isa = PBXBuildFile; fileRef = ADD5B4CC2D63FFC4000587E3 /* AspectVGrid.swift */; };
		ADD5B4CF2D6BD58A000587E3 /* Extensions.swift in Sources */ = {isa = PBXBuildFile; fileRef = ADD5B4CE2D6BD58A000587E3 /* Extensions.swift */; };
		ADD5B4D42D6FD548000587E3 /* GamesRulesView.swift in Sources */ = {isa = PBXBuildFile; fileRef = ADD5B4D32D6FD548000587E3 /* GamesRulesView.swift */; };
/* End PBXBuildFile section */

/* Begin PBXFileReference section */
		ADD5B4B52D6013F1000587E3 /* FinalSetGame.app */ = {isa = PBXFileReference; explicitFileType = wrapper.application; includeInIndex = 0; path = FinalSetGame.app; sourceTree = BUILT_PRODUCTS_DIR; };
		ADD5B4B82D6013F1000587E3 /* FinalSetGameApp.swift */ = {isa = PBXFileReference; lastKnownFileType = sourcecode.swift; path = FinalSetGameApp.swift; sourceTree = "<group>"; };
		ADD5B4BA2D6013F1000587E3 /* ContentView.swift */ = {isa = PBXFileReference; lastKnownFileType = sourcecode.swift; path = ContentView.swift; sourceTree = "<group>"; };
		ADD5B4BC2D6013F3000587E3 /* Assets.xcassets */ = {isa = PBXFileReference; lastKnownFileType = folder.assetcatalog; path = Assets.xcassets; sourceTree = "<group>"; };
		ADD5B4BF2D6013F3000587E3 /* Preview Assets.xcassets */ = {isa = PBXFileReference; lastKnownFileType = folder.assetcatalog; path = "Preview Assets.xcassets"; sourceTree = "<group>"; };
		ADD5B4C62D60140B000587E3 /* GameSettings.swift */ = {isa = PBXFileReference; lastKnownFileType = sourcecode.swift; path = GameSettings.swift; sourceTree = "<group>"; };
		ADD5B4C82D601461000587E3 /* SetCardGame.swift */ = {isa = PBXFileReference; lastKnownFileType = sourcecode.swift; path = SetCardGame.swift; sourceTree = "<group>"; };
		ADD5B4CC2D63FFC4000587E3 /* AspectVGrid.swift */ = {isa = PBXFileReference; lastKnownFileType = sourcecode.swift; path = AspectVGrid.swift; sourceTree = "<group>"; };
		ADD5B4CE2D6BD58A000587E3 /* Extensions.swift */ = {isa = PBXFileReference; lastKnownFileType = sourcecode.swift; path = Extensions.swift; sourceTree = "<group>"; };
		ADD5B4D32D6FD548000587E3 /* GamesRulesView.swift */ = {isa = PBXFileReference; lastKnownFileType = sourcecode.swift; path = GamesRulesView.swift; sourceTree = "<group>"; };
/* End PBXFileReference section */

/* Begin PBXFrameworksBuildPhase section */
		ADD5B4B22D6013F1000587E3 /* Frameworks */ = {
			isa = PBXFrameworksBuildPhase;
			buildActionMask = 2147483647;
			files = (
			);
			runOnlyForDeploymentPostprocessing = 0;
		};
/* End PBXFrameworksBuildPhase section */

/* Begin PBXGroup section */
		ADD5B4AC2D6013F1000587E3 = {
			isa = PBXGroup;
			children = (
				ADD5B4B72D6013F1000587E3 /* FinalSetGame */,
				ADD5B4B62D6013F1000587E3 /* Products */,
			);
			sourceTree = "<group>";
		};
		ADD5B4B62D6013F1000587E3 /* Products */ = {
			isa = PBXGroup;
			children = (
				ADD5B4B52D6013F1000587E3 /* FinalSetGame.app */,
			);
			name = Products;
			sourceTree = "<group>";
		};
		ADD5B4B72D6013F1000587E3 /* FinalSetGame */ = {
			isa = PBXGroup;
			children = (
				ADD5B4BA2D6013F1000587E3 /* ContentView.swift */,
				ADD5B4CC2D63FFC4000587E3 /* AspectVGrid.swift */,
				ADD5B4D32D6FD548000587E3 /* GamesRulesView.swift */,
				ADD5B4B82D6013F1000587E3 /* FinalSetGameApp.swift */,
				ADD5B4C82D601461000587E3 /* SetCardGame.swift */,
				ADD5B4C62D60140B000587E3 /* GameSettings.swift */,
				ADD5B4CE2D6BD58A000587E3 /* Extensions.swift */,
				ADD5B4BC2D6013F3000587E3 /* Assets.xcassets */,
				ADD5B4BE2D6013F3000587E3 /* Preview Content */,
			);
			path = FinalSetGame;
			sourceTree = "<group>";
		};
		ADD5B4BE2D6013F3000587E3 /* Preview Content */ = {
			isa = PBXGroup;
			children = (
				ADD5B4BF2D6013F3000587E3 /* Preview Assets.xcassets */,
			);
			path = "Preview Content";
			sourceTree = "<group>";
		};
/* End PBXGroup section */

/* Begin PBXNativeTarget section */
		ADD5B4B42D6013F1000587E3 /* FinalSetGame */ = {
			isa = PBXNativeTarget;
			buildConfigurationList = ADD5B4C32D6013F3000587E3 /* Build configuration list for PBXNativeTarget "FinalSetGame" */;
			buildPhases = (
				ADD5B4B12D6013F1000587E3 /* Sources */,
				ADD5B4B22D6013F1000587E3 /* Frameworks */,
				ADD5B4B32D6013F1000587E3 /* Resources */,
			);
			buildRules = (
			);
			dependencies = (
			);
			name = FinalSetGame;
			productName = FinalSetGame;
			productReference = ADD5B4B52D6013F1000587E3 /* FinalSetGame.app */;
			productType = "com.apple.product-type.application";
		};
/* End PBXNativeTarget section */

/* Begin PBXProject section */
		ADD5B4AD2D6013F1000587E3 /* Project object */ = {
			isa = PBXProject;
			attributes = {
				BuildIndependentTargetsInParallel = 1;
				LastSwiftUpdateCheck = 1540;
				LastUpgradeCheck = 1540;
				TargetAttributes = {
					ADD5B4B42D6013F1000587E3 = {
						CreatedOnToolsVersion = 15.4;
					};
				};
			};
			buildConfigurationList = ADD5B4B02D6013F1000587E3 /* Build configuration list for PBXProject "FinalSetGame" */;
			compatibilityVersion = "Xcode 14.0";
			developmentRegion = en;
			hasScannedForEncodings = 0;
			knownRegions = (
				en,
				Base,
			);
			mainGroup = ADD5B4AC2D6013F1000587E3;
			productRefGroup = ADD5B4B62D6013F1000587E3 /* Products */;
			projectDirPath = "";
			projectRoot = "";
			targets = (
				ADD5B4B42D6013F1000587E3 /* FinalSetGame */,
			);
		};
/* End PBXProject section */

/* Begin PBXResourcesBuildPhase section */
		ADD5B4B32D6013F1000587E3 /* Resources */ = {
			isa = PBXResourcesBuildPhase;
			buildActionMask = 2147483647;
			files = (
				ADD5B4C02D6013F3000587E3 /* Preview Assets.xcassets in Resources */,
				ADD5B4BD2D6013F3000587E3 /* Assets.xcassets in Resources */,
			);
			runOnlyForDeploymentPostprocessing = 0;
		};
/* End PBXResourcesBuildPhase section */

/* Begin PBXSourcesBuildPhase section */
		ADD5B4B12D6013F1000587E3 /* Sources */ = {
			isa = PBXSourcesBuildPhase;
			buildActionMask = 2147483647;
			files = (
				ADD5B4C92D601461000587E3 /* SetCardGame.swift in Sources */,
				ADD5B4CF2D6BD58A000587E3 /* Extensions.swift in Sources */,
				ADD5B4BB2D6013F1000587E3 /* ContentView.swift in Sources */,
				ADD5B4CD2D63FFC4000587E3 /* AspectVGrid.swift in Sources */,
				ADD5B4B92D6013F1000587E3 /* FinalSetGameApp.swift in Sources */,
				ADD5B4D42D6FD548000587E3 /* GamesRulesView.swift in Sources */,
				ADD5B4C72D60140B000587E3 /* GameSettings.swift in Sources */,
			);
			runOnlyForDeploymentPostprocessing = 0;
		};
/* End PBXSourcesBuildPhase section */

/* Begin XCBuildConfiguration section */
		ADD5B4C12D6013F3000587E3 /* Debug */ = {
			isa = XCBuildConfiguration;
			buildSettings = {
				ALWAYS_SEARCH_USER_PATHS = NO;
				ASSETCATALOG_COMPILER_GENERATE_SWIFT_ASSET_SYMBOL_EXTENSIONS = YES;
				CLANG_ANALYZER_NONNULL = YES;
				CLANG_ANALYZER_NUMBER_OBJECT_CONVERSION = YES_AGGRESSIVE;
				CLANG_CXX_LANGUAGE_STANDARD = "gnu++20";
				CLANG_ENABLE_MODULES = YES;
				CLANG_ENABLE_OBJC_ARC = YES;
				CLANG_ENABLE_OBJC_WEAK = YES;
				CLANG_WARN_BLOCK_CAPTURE_AUTORELEASING = YES;
				CLANG_WARN_BOOL_CONVERSION = YES;
				CLANG_WARN_COMMA = YES;
				CLANG_WARN_CONSTANT_CONVERSION = YES;
				CLANG_WARN_DEPRECATED_OBJC_IMPLEMENTATIONS = YES;
				CLANG_WARN_DIRECT_OBJC_ISA_USAGE = YES_ERROR;
				CLANG_WARN_DOCUMENTATION_COMMENTS = YES;
				CLANG_WARN_EMPTY_BODY = YES;
				CLANG_WARN_ENUM_CONVERSION = YES;
				CLANG_WARN_INFINITE_RECURSION = YES;
				CLANG_WARN_INT_CONVERSION = YES;
				CLANG_WARN_NON_LITERAL_NULL_CONVERSION = YES;
				CLANG_WARN_OBJC_IMPLICIT_RETAIN_SELF = YES;
				CLANG_WARN_OBJC_LITERAL_CONVERSION = YES;
				CLANG_WARN_OBJC_ROOT_CLASS = YES_ERROR;
				CLANG_WARN_QUOTED_INCLUDE_IN_FRAMEWORK_HEADER = YES;
				CLANG_WARN_RANGE_LOOP_ANALYSIS = YES;
				CLANG_WARN_STRICT_PROTOTYPES = YES;
				CLANG_WARN_SUSPICIOUS_MOVE = YES;
				CLANG_WARN_UNGUARDED_AVAILABILITY = YES_AGGRESSIVE;
				CLANG_WARN_UNREACHABLE_CODE = YES;
				CLANG_WARN__DUPLICATE_METHOD_MATCH = YES;
				COPY_PHASE_STRIP = NO;
				DEBUG_INFORMATION_FORMAT = dwarf;
				ENABLE_STRICT_OBJC_MSGSEND = YES;
				ENABLE_TESTABILITY = YES;
				ENABLE_USER_SCRIPT_SANDBOXING = YES;
				GCC_C_LANGUAGE_STANDARD = gnu17;
				GCC_DYNAMIC_NO_PIC = NO;
				GCC_NO_COMMON_BLOCKS = YES;
				GCC_OPTIMIZATION_LEVEL = 0;
				GCC_PREPROCESSOR_DEFINITIONS = (
					"DEBUG=1",
					"$(inherited)",
				);
				GCC_WARN_64_TO_32_BIT_CONVERSION = YES;
				GCC_WARN_ABOUT_RETURN_TYPE = YES_ERROR;
				GCC_WARN_UNDECLARED_SELECTOR = YES;
				GCC_WARN_UNINITIALIZED_AUTOS = YES_AGGRESSIVE;
				GCC_WARN_UNUSED_FUNCTION = YES;
				GCC_WARN_UNUSED_VARIABLE = YES;
				IPHONEOS_DEPLOYMENT_TARGET = 17.5;
				LOCALIZATION_PREFERS_STRING_CATALOGS = YES;
				MTL_ENABLE_DEBUG_INFO = INCLUDE_SOURCE;
				MTL_FAST_MATH = YES;
				ONLY_ACTIVE_ARCH = YES;
				SDKROOT = iphoneos;
				SWIFT_ACTIVE_COMPILATION_CONDITIONS = "DEBUG $(inherited)";
				SWIFT_OPTIMIZATION_LEVEL = "-Onone";
			};
			name = Debug;
		};
		ADD5B4C22D6013F3000587E3 /* Release */ = {
			isa = XCBuildConfiguration;
			buildSettings = {
				ALWAYS_SEARCH_USER_PATHS = NO;
				ASSETCATALOG_COMPILER_GENERATE_SWIFT_ASSET_SYMBOL_EXTENSIONS = YES;
				CLANG_ANALYZER_NONNULL = YES;
				CLANG_ANALYZER_NUMBER_OBJECT_CONVERSION = YES_AGGRESSIVE;
				CLANG_CXX_LANGUAGE_STANDARD = "gnu++20";
				CLANG_ENABLE_MODULES = YES;
				CLANG_ENABLE_OBJC_ARC = YES;
				CLANG_ENABLE_OBJC_WEAK = YES;
				CLANG_WARN_BLOCK_CAPTURE_AUTORELEASING = YES;
				CLANG_WARN_BOOL_CONVERSION = YES;
				CLANG_WARN_COMMA = YES;
				CLANG_WARN_CONSTANT_CONVERSION = YES;
				CLANG_WARN_DEPRECATED_OBJC_IMPLEMENTATIONS = YES;
				CLANG_WARN_DIRECT_OBJC_ISA_USAGE = YES_ERROR;
				CLANG_WARN_DOCUMENTATION_COMMENTS = YES;
				CLANG_WARN_EMPTY_BODY = YES;
				CLANG_WARN_ENUM_CONVERSION = YES;
				CLANG_WARN_INFINITE_RECURSION = YES;
				CLANG_WARN_INT_CONVERSION = YES;
				CLANG_WARN_NON_LITERAL_NULL_CONVERSION = YES;
				CLANG_WARN_OBJC_IMPLICIT_RETAIN_SELF = YES;
				CLANG_WARN_OBJC_LITERAL_CONVERSION = YES;
				CLANG_WARN_OBJC_ROOT_CLASS = YES_ERROR;
				CLANG_WARN_QUOTED_INCLUDE_IN_FRAMEWORK_HEADER = YES;
				CLANG_WARN_RANGE_LOOP_ANALYSIS = YES;
				CLANG_WARN_STRICT_PROTOTYPES = YES;
				CLANG_WARN_SUSPICIOUS_MOVE = YES;
				CLANG_WARN_UNGUARDED_AVAILABILITY = YES_AGGRESSIVE;
				CLANG_WARN_UNREACHABLE_CODE = YES;
				CLANG_WARN__DUPLICATE_METHOD_MATCH = YES;
				COPY_PHASE_STRIP = NO;
				DEBUG_INFORMATION_FORMAT = "dwarf-with-dsym";
				ENABLE_NS_ASSERTIONS = NO;
				ENABLE_STRICT_OBJC_MSGSEND = YES;
				ENABLE_USER_SCRIPT_SANDBOXING = YES;
				GCC_C_LANGUAGE_STANDARD = gnu17;
				GCC_NO_COMMON_BLOCKS = YES;
				GCC_WARN_64_TO_32_BIT_CONVERSION = YES;
				GCC_WARN_ABOUT_RETURN_TYPE = YES_ERROR;
				GCC_WARN_UNDECLARED_SELECTOR = YES;
				GCC_WARN_UNINITIALIZED_AUTOS = YES_AGGRESSIVE;
				GCC_WARN_UNUSED_FUNCTION = YES;
				GCC_WARN_UNUSED_VARIABLE = YES;
				IPHONEOS_DEPLOYMENT_TARGET = 17.5;
				LOCALIZATION_PREFERS_STRING_CATALOGS = YES;
				MTL_ENABLE_DEBUG_INFO = NO;
				MTL_FAST_MATH = YES;
				SDKROOT = iphoneos;
				SWIFT_COMPILATION_MODE = wholemodule;
				VALIDATE_PRODUCT = YES;
			};
			name = Release;
		};
		ADD5B4C42D6013F3000587E3 /* Debug */ = {
			isa = XCBuildConfiguration;
			buildSettings = {
				ASSETCATALOG_COMPILER_APPICON_NAME = AppIcon;
				ASSETCATALOG_COMPILER_GLOBAL_ACCENT_COLOR_NAME = AccentColor;
				CODE_SIGN_STYLE = Automatic;
				CURRENT_PROJECT_VERSION = 1;
				DEVELOPMENT_ASSET_PATHS = "\"FinalSetGame/Preview Content\"";
				ENABLE_PREVIEWS = YES;
				GENERATE_INFOPLIST_FILE = YES;
				INFOPLIST_KEY_UIApplicationSceneManifest_Generation = YES;
				INFOPLIST_KEY_UIApplicationSupportsIndirectInputEvents = YES;
				INFOPLIST_KEY_UILaunchScreen_Generation = YES;
				INFOPLIST_KEY_UISupportedInterfaceOrientations_iPad = "UIInterfaceOrientationPortrait UIInterfaceOrientationPortraitUpsideDown UIInterfaceOrientationLandscapeLeft UIInterfaceOrientationLandscapeRight";
				INFOPLIST_KEY_UISupportedInterfaceOrientations_iPhone = "UIInterfaceOrientationPortrait UIInterfaceOrientationLandscapeLeft UIInterfaceOrientationLandscapeRight";
				LD_RUNPATH_SEARCH_PATHS = (
					"$(inherited)",
					"@executable_path/Frameworks",
				);
				MARKETING_VERSION = 1.0;
				PRODUCT_BUNDLE_IDENTIFIER = zheen.FinalSetGame;
				PRODUCT_NAME = "$(TARGET_NAME)";
				SWIFT_EMIT_LOC_STRINGS = YES;
				SWIFT_VERSION = 5.0;
				TARGETED_DEVICE_FAMILY = "1,2";
			};
			name = Debug;
		};
		ADD5B4C52D6013F3000587E3 /* Release */ = {
			isa = XCBuildConfiguration;
			buildSettings = {
				ASSETCATALOG_COMPILER_APPICON_NAME = AppIcon;
				ASSETCATALOG_COMPILER_GLOBAL_ACCENT_COLOR_NAME = AccentColor;
				CODE_SIGN_STYLE = Automatic;
				CURRENT_PROJECT_VERSION = 1;
				DEVELOPMENT_ASSET_PATHS = "\"FinalSetGame/Preview Content\"";
				ENABLE_PREVIEWS = YES;
				GENERATE_INFOPLIST_FILE = YES;
				INFOPLIST_KEY_UIApplicationSceneManifest_Generation = YES;
				INFOPLIST_KEY_UIApplicationSupportsIndirectInputEvents = YES;
				INFOPLIST_KEY_UILaunchScreen_Generation = YES;
				INFOPLIST_KEY_UISupportedInterfaceOrientations_iPad = "UIInterfaceOrientationPortrait UIInterfaceOrientationPortraitUpsideDown UIInterfaceOrientationLandscapeLeft UIInterfaceOrientationLandscapeRight";
				INFOPLIST_KEY_UISupportedInterfaceOrientations_iPhone = "UIInterfaceOrientationPortrait UIInterfaceOrientationLandscapeLeft UIInterfaceOrientationLandscapeRight";
				LD_RUNPATH_SEARCH_PATHS = (
					"$(inherited)",
					"@executable_path/Frameworks",
				);
				MARKETING_VERSION = 1.0;
				PRODUCT_BUNDLE_IDENTIFIER = zheen.FinalSetGame;
				PRODUCT_NAME = "$(TARGET_NAME)";
				SWIFT_EMIT_LOC_STRINGS = YES;
				SWIFT_VERSION = 5.0;
				TARGETED_DEVICE_FAMILY = "1,2";
			};
			name = Release;
		};
/* End XCBuildConfiguration section */

/* Begin XCConfigurationList section */
		ADD5B4B02D6013F1000587E3 /* Build configuration list for PBXProject "FinalSetGame" */ = {
			isa = XCConfigurationList;
			buildConfigurations = (
				ADD5B4C12D6013F3000587E3 /* Debug */,
				ADD5B4C22D6013F3000587E3 /* Release */,
			);
			defaultConfigurationIsVisible = 0;
			defaultConfigurationName = Release;
		};
		ADD5B4C32D6013F3000587E3 /* Build configuration list for PBXNativeTarget "FinalSetGame" */ = {
			isa = XCConfigurationList;
			buildConfigurations = (
				ADD5B4C42D6013F3000587E3 /* Debug */,
				ADD5B4C52D6013F3000587E3 /* Release */,
			);
			defaultConfigurationIsVisible = 0;
			defaultConfigurationName = Release;
		};
/* End XCConfigurationList section */
	};
	rootObject = ADD5B4AD2D6013F1000587E3 /* Project object */;
}
